
Microsoft Visual Studio Solution File, Format Version 12.00
# Visual Studio 15
VisualStudioVersion = 15.0.26430.15
MinimumVisualStudioVersion = 10.0.40219.1
Project("{FAE04EC0-301F-11D3-BF4B-00C04F79EFBC}") = "TCFP.Web", "TCFP.Web\TCFP.Web.csproj", "{2B906098-002C-4DBC-B963-8EC349FF513D}"
EndProject
Project("{FAE04EC0-301F-11D3-BF4B-00C04F79EFBC}") = "TCFP.Data", "TCFP.Data\TCFP.Data.csproj", "{55AF4B3B-9EEB-4651-A3F7-258DA8FAFE08}"
EndProject
Project("{FAE04EC0-301F-11D3-BF4B-00C04F79EFBC}") = "TCFP.Common", "TCFP.Common\TCFP.Common.csproj", "{27406E8D-D3DD-468B-9087-9347B0723344}"
EndProject
Project("{00D1A9C2-B5F0-4AF3-8072-F6C62B433612}") = "TCFP.Database", "TCFP.Database\TCFP.Database.sqlproj", "{07CC2279-ACBF-4827-A76D-0A52B1BB6461}"
EndProject
Global
	GlobalSection(SolutionConfigurationPlatforms) = preSolution
		Debug|Any CPU = Debug|Any CPU
		Release|Any CPU = Release|Any CPU
	EndGlobalSection
	GlobalSection(ProjectConfigurationPlatforms) = postSolution
		{2B906098-002C-4DBC-B963-8EC349FF513D}.Debug|Any CPU.ActiveCfg = Debug|Any CPU
		{2B906098-002C-4DBC-B963-8EC349FF513D}.Debug|Any CPU.Build.0 = Debug|Any CPU
		{2B906098-002C-4DBC-B963-8EC349FF513D}.Release|Any CPU.ActiveCfg = Release|Any CPU
		{2B906098-002C-4DBC-B963-8EC349FF513D}.Release|Any CPU.Build.0 = Release|Any CPU
		{55AF4B3B-9EEB-4651-A3F7-258DA8FAFE08}.Debug|Any CPU.ActiveCfg = Debug|Any CPU
		{55AF4B3B-9EEB-4651-A3F7-258DA8FAFE08}.Debug|Any CPU.Build.0 = Debug|Any CPU
		{55AF4B3B-9EEB-4651-A3F7-258DA8FAFE08}.Release|Any CPU.ActiveCfg = Release|Any CPU
		{55AF4B3B-9EEB-4651-A3F7-258DA8FAFE08}.Release|Any CPU.Build.0 = Release|Any CPU
		{27406E8D-D3DD-468B-9087-9347B0723344}.Debug|Any CPU.ActiveCfg = Debug|Any CPU
		{27406E8D-D3DD-468B-9087-9347B0723344}.Debug|Any CPU.Build.0 = Debug|Any CPU
		{27406E8D-D3DD-468B-9087-9347B0723344}.Release|Any CPU.ActiveCfg = Release|Any CPU
		{27406E8D-D3DD-468B-9087-9347B0723344}.Release|Any CPU.Build.0 = Release|Any CPU
		{07CC2279-ACBF-4827-A76D-0A52B1BB6461}.Debug|Any CPU.ActiveCfg = Debug|Any CPU
		{07CC2279-ACBF-4827-A76D-0A52B1BB6461}.Debug|Any CPU.Build.0 = Debug|Any CPU
		{07CC2279-ACBF-4827-A76D-0A52B1BB6461}.Debug|Any CPU.Deploy.0 = Debug|Any CPU
		{07CC2279-ACBF-4827-A76D-0A52B1BB6461}.Release|Any CPU.ActiveCfg = Release|Any CPU
		{07CC2279-ACBF-4827-A76D-0A52B1BB6461}.Release|Any CPU.Build.0 = Release|Any CPU
		{07CC2279-ACBF-4827-A76D-0A52B1BB6461}.Release|Any CPU.Deploy.0 = Release|Any CPU
	EndGlobalSection
	GlobalSection(SolutionProperties) = preSolution
		HideSolutionNode = FALSE
	EndGlobalSection
EndGlobal
